
Microsoft Visual Studio Solution File, Format Version 12.00
# Visual Studio Version 17
VisualStudioVersion = 17.9.34723.18
MinimumVisualStudioVersion = 10.0.40219.1
Project("{2150E333-8FDC-42A3-9474-1A3956D46DE8}") = "HomeWork04", "HomeWork04", "{B0C9A625-AC0F-472B-A2BD-E6D0505D18E4}"
EndProject
Project("{FAE04EC0-301F-11D3-BF4B-00C04F79EFBC}") = "Bai2_QuanLyHocSinh", "Bai2_QuanLyHocSinh\Bai2_QuanLyHocSinh.csproj", "{355FBA5C-FB32-4A5F-80BC-B8DD0DF0F223}"
EndProject
Project("{FAE04EC0-301F-11D3-BF4B-00C04F79EFBC}") = "Bai1_QuanLyThongTinSach", "Bai1_QuanLyThongTinSach\Bai1_QuanLyThongTinSach.csproj", "{03CD4BB2-56C0-4803-B97C-FE684E477E85}"
EndProject
Project("{FAE04EC0-301F-11D3-BF4B-00C04F79EFBC}") = "Bai3_QuanLyHoaDon", "Bai3_QuanLyHoaDon\Bai3_QuanLyHoaDon.csproj", "{54C63C33-5495-4DD0-97B3-490801DD1006}"
EndProject
Project("{2150E333-8FDC-42A3-9474-1A3956D46DE8}") = "HomeWork05", "HomeWork05", "{26093090-BC66-4EC2-A412-3E5D782D6D32}"
EndProject
Project("{FAE04EC0-301F-11D3-BF4B-00C04F79EFBC}") = "Bai1_QlyNhanVien", "Bai1_QlyNhanVien\Bai1_QlyNhanVien.csproj", "{0DC1330C-4B29-453C-83AE-9AC9779D8898}"
EndProject
Project("{FAE04EC0-301F-11D3-BF4B-00C04F79EFBC}") = "Bai1_QlySinhVien", "HomeWork06\Bai1_QlySinhVien.csproj", "{25B1925C-3A07-440C-A0FB-F6830AFB0933}"
EndProject
Project("{2150E333-8FDC-42A3-9474-1A3956D46DE8}") = "HomeWork06", "HomeWork06", "{40398E9A-5FE1-4973-B583-1550DCA7E9AD}"
EndProject
Project("{FAE04EC0-301F-11D3-BF4B-00C04F79EFBC}") = "Bai2_SwapData", "Bai2_SwapData\Bai2_SwapData.csproj", "{29962DC8-55A8-48BF-B3EF-D9B854455FB4}"
EndProject
Global
	GlobalSection(SolutionConfigurationPlatforms) = preSolution
		Debug|Any CPU = Debug|Any CPU
		Release|Any CPU = Release|Any CPU
	EndGlobalSection
	GlobalSection(ProjectConfigurationPlatforms) = postSolution
		{355FBA5C-FB32-4A5F-80BC-B8DD0DF0F223}.Debug|Any CPU.ActiveCfg = Debug|Any CPU
		{355FBA5C-FB32-4A5F-80BC-B8DD0DF0F223}.Debug|Any CPU.Build.0 = Debug|Any CPU
		{355FBA5C-FB32-4A5F-80BC-B8DD0DF0F223}.Release|Any CPU.ActiveCfg = Release|Any CPU
		{355FBA5C-FB32-4A5F-80BC-B8DD0DF0F223}.Release|Any CPU.Build.0 = Release|Any CPU
		{03CD4BB2-56C0-4803-B97C-FE684E477E85}.Debug|Any CPU.ActiveCfg = Debug|Any CPU
		{03CD4BB2-56C0-4803-B97C-FE684E477E85}.Debug|Any CPU.Build.0 = Debug|Any CPU
		{03CD4BB2-56C0-4803-B97C-FE684E477E85}.Release|Any CPU.ActiveCfg = Release|Any CPU
		{03CD4BB2-56C0-4803-B97C-FE684E477E85}.Release|Any CPU.Build.0 = Release|Any CPU
		{54C63C33-5495-4DD0-97B3-490801DD1006}.Debug|Any CPU.ActiveCfg = Debug|Any CPU
		{54C63C33-5495-4DD0-97B3-490801DD1006}.Debug|Any CPU.Build.0 = Debug|Any CPU
		{54C63C33-5495-4DD0-97B3-490801DD1006}.Release|Any CPU.ActiveCfg = Release|Any CPU
		{54C63C33-5495-4DD0-97B3-490801DD1006}.Release|Any CPU.Build.0 = Release|Any CPU
		{0DC1330C-4B29-453C-83AE-9AC9779D8898}.Debug|Any CPU.ActiveCfg = Debug|Any CPU
		{0DC1330C-4B29-453C-83AE-9AC9779D8898}.Debug|Any CPU.Build.0 = Debug|Any CPU
		{0DC1330C-4B29-453C-83AE-9AC9779D8898}.Release|Any CPU.ActiveCfg = Release|Any CPU
		{0DC1330C-4B29-453C-83AE-9AC9779D8898}.Release|Any CPU.Build.0 = Release|Any CPU
		{25B1925C-3A07-440C-A0FB-F6830AFB0933}.Debug|Any CPU.ActiveCfg = Debug|Any CPU
		{25B1925C-3A07-440C-A0FB-F6830AFB0933}.Debug|Any CPU.Build.0 = Debug|Any CPU
		{25B1925C-3A07-440C-A0FB-F6830AFB0933}.Release|Any CPU.ActiveCfg = Release|Any CPU
		{25B1925C-3A07-440C-A0FB-F6830AFB0933}.Release|Any CPU.Build.0 = Release|Any CPU
		{29962DC8-55A8-48BF-B3EF-D9B854455FB4}.Debug|Any CPU.ActiveCfg = Debug|Any CPU
		{29962DC8-55A8-48BF-B3EF-D9B854455FB4}.Debug|Any CPU.Build.0 = Debug|Any CPU
		{29962DC8-55A8-48BF-B3EF-D9B854455FB4}.Release|Any CPU.ActiveCfg = Release|Any CPU
		{29962DC8-55A8-48BF-B3EF-D9B854455FB4}.Release|Any CPU.Build.0 = Release|Any CPU
	EndGlobalSection
	GlobalSection(SolutionProperties) = preSolution
		HideSolutionNode = FALSE
	EndGlobalSection
	GlobalSection(NestedProjects) = preSolution
		{355FBA5C-FB32-4A5F-80BC-B8DD0DF0F223} = {B0C9A625-AC0F-472B-A2BD-E6D0505D18E4}
		{03CD4BB2-56C0-4803-B97C-FE684E477E85} = {B0C9A625-AC0F-472B-A2BD-E6D0505D18E4}
		{54C63C33-5495-4DD0-97B3-490801DD1006} = {B0C9A625-AC0F-472B-A2BD-E6D0505D18E4}
		{0DC1330C-4B29-453C-83AE-9AC9779D8898} = {26093090-BC66-4EC2-A412-3E5D782D6D32}
		{25B1925C-3A07-440C-A0FB-F6830AFB0933} = {40398E9A-5FE1-4973-B583-1550DCA7E9AD}
		{29962DC8-55A8-48BF-B3EF-D9B854455FB4} = {40398E9A-5FE1-4973-B583-1550DCA7E9AD}
	EndGlobalSection
	GlobalSection(ExtensibilityGlobals) = postSolution
		SolutionGuid = {3A8E7492-2A65-4F2B-801C-986217E8C1F9}
	EndGlobalSection
EndGlobal
